
Microsoft Visual Studio Solution File, Format Version 12.00
# Visual Studio Version 17
VisualStudioVersion = 17.7.34221.43
MinimumVisualStudioVersion = 10.0.40219.1
Project("{FAE04EC0-301F-11D3-BF4B-00C04F79EFBC}") = "Demo_JqueryDatatable", "Demo_JqueryDatatable.csproj", "{A162F33E-8ACF-4AFD-9636-DD1E0804EECD}"
EndProject
Global
	GlobalSection(SolutionConfigurationPlatforms) = preSolution
		Debug|Any CPU = Debug|Any CPU
		Release|Any CPU = Release|Any CPU
	EndGlobalSection
	GlobalSection(ProjectConfigurationPlatforms) = postSolution
		{A162F33E-8ACF-4AFD-9636-DD1E0804EECD}.Debug|Any CPU.ActiveCfg = Debug|Any CPU
		{A162F33E-8ACF-4AFD-9636-DD1E0804EECD}.Debug|Any CPU.Build.0 = Debug|Any CPU
		{A162F33E-8ACF-4AFD-9636-DD1E0804EECD}.Release|Any CPU.ActiveCfg = Release|Any CPU
		{A162F33E-8ACF-4AFD-9636-DD1E0804EECD}.Release|Any CPU.Build.0 = Release|Any CPU
	EndGlobalSection
	GlobalSection(SolutionProperties) = preSolution
		HideSolutionNode = FALSE
	EndGlobalSection
	GlobalSection(ExtensibilityGlobals) = postSolution
		SolutionGuid = {12A820D3-3D76-4E37-BDDB-E30A00DB3D52}
	EndGlobalSection
EndGlobal
